
Microsoft Visual Studio Solution File, Format Version 12.00
# Visual Studio Version 17
VisualStudioVersion = 17.0.32112.339
MinimumVisualStudioVersion = 10.0.40219.1
Project("{2150E333-8FDC-42A3-9474-1A3956D46DE8}") = "0 - Presentation", "0 - Presentation", "{663984EE-99BD-4363-BB2A-74174EAC8C71}"
EndProject
Project("{2150E333-8FDC-42A3-9474-1A3956D46DE8}") = "1 - Application", "1 - Application", "{45E51FBF-CF75-4A5D-87D4-6171F172F55D}"
EndProject
Project("{2150E333-8FDC-42A3-9474-1A3956D46DE8}") = "2 - Domain", "2 - Domain", "{F94AF03E-9F97-454E-8F34-6CEDFD3C1B46}"
EndProject
Project("{9A19103F-16F7-4668-BE54-9A1E7A4F7556}") = "Oblikovati.Domain.Core", "Oblikovati.Domain.Core\Oblikovati.Domain.Core.csproj", "{01F2C05F-DECF-46FD-86BD-99036902FB69}"
EndProject
Project("{9A19103F-16F7-4668-BE54-9A1E7A4F7556}") = "Oblikovati.Domain.Core.Tests", "Oblikovati.Domain.Core.Tests\Oblikovati.Domain.Core.Tests.csproj", "{E3C2EF32-7B02-475F-A9B0-3DCAEDB0E399}"
EndProject
Project("{9A19103F-16F7-4668-BE54-9A1E7A4F7556}") = "Oblikovati.Application", "Oblikovati.Application\Oblikovati.Application.csproj", "{74226B26-7FC1-404C-A70E-F269B4458C2C}"
EndProject
Project("{9A19103F-16F7-4668-BE54-9A1E7A4F7556}") = "Oblikovati.Application.Tests", "Oblikovati.Application.Tests\Oblikovati.Application.Tests.csproj", "{8FE4DDF1-160B-4AA8-9214-582A65B63D8F}"
EndProject
Project("{9A19103F-16F7-4668-BE54-9A1E7A4F7556}") = "Oblikovati.Domain.Utility", "Oblikovati.Domain.Utility\Oblikovati.Domain.Utility.csproj", "{3B4FEB68-91B5-435E-83D9-E473622687DD}"
EndProject
Project("{9A19103F-16F7-4668-BE54-9A1E7A4F7556}") = "Oblikovati.Domain.Math", "Oblikovati.Domain.Math\Oblikovati.Domain.Math.csproj", "{2B3AC302-C78E-4357-AF9B-8585F4EC69CA}"
EndProject
Project("{9A19103F-16F7-4668-BE54-9A1E7A4F7556}") = "Oblikovati.Domain.Geometry", "Oblikovati.Domain.Geometry\Oblikovati.Domain.Geometry.csproj", "{3ECABA52-A627-49F5-8CE6-2F19B6969760}"
EndProject
Project("{9A19103F-16F7-4668-BE54-9A1E7A4F7556}") = "Oblikovati.Domain.Documents", "Oblikovati.Domain.Documents\Oblikovati.Domain.Documents.csproj", "{AF71627F-C1D9-41C1-878F-7BBD47525A67}"
EndProject
Project("{2150E333-8FDC-42A3-9474-1A3956D46DE8}") = "3 - Infra", "3 - Infra", "{32C6521E-BA4E-4510-87BC-348B99D4E5BC}"
EndProject
Project("{9A19103F-16F7-4668-BE54-9A1E7A4F7556}") = "Oblikovati.Infra.IoC", "Oblikovati.Infra.IoC\Oblikovati.Infra.IoC.csproj", "{4A2918CA-FA63-45B3-9B61-71019D2EB52E}"
EndProject
Project("{9A19103F-16F7-4668-BE54-9A1E7A4F7556}") = "Oblikovati.Domain.Renderer", "Oblikovati.Domain.Renderer\Oblikovati.Domain.Renderer.csproj", "{BEB2DC3C-433E-48C4-9319-A88A56DC6448}"
EndProject
Project("{9A19103F-16F7-4668-BE54-9A1E7A4F7556}") = "Oblikovati.Domain.Windowing", "Oblikovati.Domain.Windowing\Oblikovati.Domain.Windowing.csproj", "{768D834E-1E9F-4B1A-BE27-C55CF86A150E}"
EndProject
Project("{FAE04EC0-301F-11D3-BF4B-00C04F79EFBC}") = "Oblikovati.Headless", "Oblikovati.Headless\Oblikovati.Headless.csproj", "{D7A04093-9408-458B-A3CF-205E1EA73AA3}"
EndProject
Project("{FAE04EC0-301F-11D3-BF4B-00C04F79EFBC}") = "Oblikovati.Domain.Contracts", "Submodules\Oblikovati.Domain.Contracts\Source\Oblikovati.Domain.Contracts\Oblikovati.Domain.Contracts.csproj", "{C8748315-6CCD-499D-AF73-B3FA9811A766}"
EndProject
Global
	GlobalSection(SolutionConfigurationPlatforms) = preSolution
		Debug|Any CPU = Debug|Any CPU
		Debug|ARM64 = Debug|ARM64
		Debug|x64 = Debug|x64
		Release|Any CPU = Release|Any CPU
		Release|ARM64 = Release|ARM64
		Release|x64 = Release|x64
	EndGlobalSection
	GlobalSection(ProjectConfigurationPlatforms) = postSolution
		{01F2C05F-DECF-46FD-86BD-99036902FB69}.Debug|Any CPU.ActiveCfg = Debug|Any CPU
		{01F2C05F-DECF-46FD-86BD-99036902FB69}.Debug|Any CPU.Build.0 = Debug|Any CPU
		{01F2C05F-DECF-46FD-86BD-99036902FB69}.Debug|ARM64.ActiveCfg = Debug|ARM64
		{01F2C05F-DECF-46FD-86BD-99036902FB69}.Debug|ARM64.Build.0 = Debug|ARM64
		{01F2C05F-DECF-46FD-86BD-99036902FB69}.Debug|x64.ActiveCfg = Debug|x64
		{01F2C05F-DECF-46FD-86BD-99036902FB69}.Debug|x64.Build.0 = Debug|x64
		{01F2C05F-DECF-46FD-86BD-99036902FB69}.Release|Any CPU.ActiveCfg = Release|Any CPU
		{01F2C05F-DECF-46FD-86BD-99036902FB69}.Release|Any CPU.Build.0 = Release|Any CPU
		{01F2C05F-DECF-46FD-86BD-99036902FB69}.Release|ARM64.ActiveCfg = Release|ARM64
		{01F2C05F-DECF-46FD-86BD-99036902FB69}.Release|ARM64.Build.0 = Release|ARM64
		{01F2C05F-DECF-46FD-86BD-99036902FB69}.Release|x64.ActiveCfg = Release|x64
		{01F2C05F-DECF-46FD-86BD-99036902FB69}.Release|x64.Build.0 = Release|x64
		{E3C2EF32-7B02-475F-A9B0-3DCAEDB0E399}.Debug|Any CPU.ActiveCfg = Debug|Any CPU
		{E3C2EF32-7B02-475F-A9B0-3DCAEDB0E399}.Debug|Any CPU.Build.0 = Debug|Any CPU
		{E3C2EF32-7B02-475F-A9B0-3DCAEDB0E399}.Debug|ARM64.ActiveCfg = Debug|ARM64
		{E3C2EF32-7B02-475F-A9B0-3DCAEDB0E399}.Debug|ARM64.Build.0 = Debug|ARM64
		{E3C2EF32-7B02-475F-A9B0-3DCAEDB0E399}.Debug|x64.ActiveCfg = Debug|x64
		{E3C2EF32-7B02-475F-A9B0-3DCAEDB0E399}.Debug|x64.Build.0 = Debug|x64
		{E3C2EF32-7B02-475F-A9B0-3DCAEDB0E399}.Release|Any CPU.ActiveCfg = Release|Any CPU
		{E3C2EF32-7B02-475F-A9B0-3DCAEDB0E399}.Release|Any CPU.Build.0 = Release|Any CPU
		{E3C2EF32-7B02-475F-A9B0-3DCAEDB0E399}.Release|ARM64.ActiveCfg = Release|ARM64
		{E3C2EF32-7B02-475F-A9B0-3DCAEDB0E399}.Release|ARM64.Build.0 = Release|ARM64
		{E3C2EF32-7B02-475F-A9B0-3DCAEDB0E399}.Release|x64.ActiveCfg = Release|Any CPU
		{E3C2EF32-7B02-475F-A9B0-3DCAEDB0E399}.Release|x64.Build.0 = Release|Any CPU
		{74226B26-7FC1-404C-A70E-F269B4458C2C}.Debug|Any CPU.ActiveCfg = Debug|Any CPU
		{74226B26-7FC1-404C-A70E-F269B4458C2C}.Debug|Any CPU.Build.0 = Debug|Any CPU
		{74226B26-7FC1-404C-A70E-F269B4458C2C}.Debug|ARM64.ActiveCfg = Debug|ARM64
		{74226B26-7FC1-404C-A70E-F269B4458C2C}.Debug|ARM64.Build.0 = Debug|ARM64
		{74226B26-7FC1-404C-A70E-F269B4458C2C}.Debug|x64.ActiveCfg = Debug|x64
		{74226B26-7FC1-404C-A70E-F269B4458C2C}.Debug|x64.Build.0 = Debug|x64
		{74226B26-7FC1-404C-A70E-F269B4458C2C}.Release|Any CPU.ActiveCfg = Release|Any CPU
		{74226B26-7FC1-404C-A70E-F269B4458C2C}.Release|Any CPU.Build.0 = Release|Any CPU
		{74226B26-7FC1-404C-A70E-F269B4458C2C}.Release|ARM64.ActiveCfg = Release|ARM64
		{74226B26-7FC1-404C-A70E-F269B4458C2C}.Release|ARM64.Build.0 = Release|ARM64
		{74226B26-7FC1-404C-A70E-F269B4458C2C}.Release|x64.ActiveCfg = Release|Any CPU
		{74226B26-7FC1-404C-A70E-F269B4458C2C}.Release|x64.Build.0 = Release|Any CPU
		{8FE4DDF1-160B-4AA8-9214-582A65B63D8F}.Debug|Any CPU.ActiveCfg = Debug|Any CPU
		{8FE4DDF1-160B-4AA8-9214-582A65B63D8F}.Debug|Any CPU.Build.0 = Debug|Any CPU
		{8FE4DDF1-160B-4AA8-9214-582A65B63D8F}.Debug|ARM64.ActiveCfg = Debug|ARM64
		{8FE4DDF1-160B-4AA8-9214-582A65B63D8F}.Debug|ARM64.Build.0 = Debug|ARM64
		{8FE4DDF1-160B-4AA8-9214-582A65B63D8F}.Debug|x64.ActiveCfg = Debug|x64
		{8FE4DDF1-160B-4AA8-9214-582A65B63D8F}.Debug|x64.Build.0 = Debug|x64
		{8FE4DDF1-160B-4AA8-9214-582A65B63D8F}.Release|Any CPU.ActiveCfg = Release|Any CPU
		{8FE4DDF1-160B-4AA8-9214-582A65B63D8F}.Release|Any CPU.Build.0 = Release|Any CPU
		{8FE4DDF1-160B-4AA8-9214-582A65B63D8F}.Release|ARM64.ActiveCfg = Release|ARM64
		{8FE4DDF1-160B-4AA8-9214-582A65B63D8F}.Release|ARM64.Build.0 = Release|ARM64
		{8FE4DDF1-160B-4AA8-9214-582A65B63D8F}.Release|x64.ActiveCfg = Release|Any CPU
		{8FE4DDF1-160B-4AA8-9214-582A65B63D8F}.Release|x64.Build.0 = Release|Any CPU
		{3B4FEB68-91B5-435E-83D9-E473622687DD}.Debug|Any CPU.ActiveCfg = Debug|Any CPU
		{3B4FEB68-91B5-435E-83D9-E473622687DD}.Debug|Any CPU.Build.0 = Debug|Any CPU
		{3B4FEB68-91B5-435E-83D9-E473622687DD}.Debug|ARM64.ActiveCfg = Debug|ARM64
		{3B4FEB68-91B5-435E-83D9-E473622687DD}.Debug|ARM64.Build.0 = Debug|ARM64
		{3B4FEB68-91B5-435E-83D9-E473622687DD}.Debug|x64.ActiveCfg = Debug|x64
		{3B4FEB68-91B5-435E-83D9-E473622687DD}.Debug|x64.Build.0 = Debug|x64
		{3B4FEB68-91B5-435E-83D9-E473622687DD}.Release|Any CPU.ActiveCfg = Release|Any CPU
		{3B4FEB68-91B5-435E-83D9-E473622687DD}.Release|Any CPU.Build.0 = Release|Any CPU
		{3B4FEB68-91B5-435E-83D9-E473622687DD}.Release|ARM64.ActiveCfg = Release|ARM64
		{3B4FEB68-91B5-435E-83D9-E473622687DD}.Release|ARM64.Build.0 = Release|ARM64
		{3B4FEB68-91B5-435E-83D9-E473622687DD}.Release|x64.ActiveCfg = Release|Any CPU
		{3B4FEB68-91B5-435E-83D9-E473622687DD}.Release|x64.Build.0 = Release|Any CPU
		{2B3AC302-C78E-4357-AF9B-8585F4EC69CA}.Debug|Any CPU.ActiveCfg = Debug|Any CPU
		{2B3AC302-C78E-4357-AF9B-8585F4EC69CA}.Debug|Any CPU.Build.0 = Debug|Any CPU
		{2B3AC302-C78E-4357-AF9B-8585F4EC69CA}.Debug|ARM64.ActiveCfg = Debug|ARM64
		{2B3AC302-C78E-4357-AF9B-8585F4EC69CA}.Debug|ARM64.Build.0 = Debug|ARM64
		{2B3AC302-C78E-4357-AF9B-8585F4EC69CA}.Debug|x64.ActiveCfg = Debug|x64
		{2B3AC302-C78E-4357-AF9B-8585F4EC69CA}.Debug|x64.Build.0 = Debug|x64
		{2B3AC302-C78E-4357-AF9B-8585F4EC69CA}.Release|Any CPU.ActiveCfg = Release|Any CPU
		{2B3AC302-C78E-4357-AF9B-8585F4EC69CA}.Release|Any CPU.Build.0 = Release|Any CPU
		{2B3AC302-C78E-4357-AF9B-8585F4EC69CA}.Release|ARM64.ActiveCfg = Release|ARM64
		{2B3AC302-C78E-4357-AF9B-8585F4EC69CA}.Release|ARM64.Build.0 = Release|ARM64
		{2B3AC302-C78E-4357-AF9B-8585F4EC69CA}.Release|x64.ActiveCfg = Release|Any CPU
		{2B3AC302-C78E-4357-AF9B-8585F4EC69CA}.Release|x64.Build.0 = Release|Any CPU
		{3ECABA52-A627-49F5-8CE6-2F19B6969760}.Debug|Any CPU.ActiveCfg = Debug|Any CPU
		{3ECABA52-A627-49F5-8CE6-2F19B6969760}.Debug|Any CPU.Build.0 = Debug|Any CPU
		{3ECABA52-A627-49F5-8CE6-2F19B6969760}.Debug|ARM64.ActiveCfg = Debug|ARM64
		{3ECABA52-A627-49F5-8CE6-2F19B6969760}.Debug|ARM64.Build.0 = Debug|ARM64
		{3ECABA52-A627-49F5-8CE6-2F19B6969760}.Debug|x64.ActiveCfg = Debug|x64
		{3ECABA52-A627-49F5-8CE6-2F19B6969760}.Debug|x64.Build.0 = Debug|x64
		{3ECABA52-A627-49F5-8CE6-2F19B6969760}.Release|Any CPU.ActiveCfg = Release|Any CPU
		{3ECABA52-A627-49F5-8CE6-2F19B6969760}.Release|Any CPU.Build.0 = Release|Any CPU
		{3ECABA52-A627-49F5-8CE6-2F19B6969760}.Release|ARM64.ActiveCfg = Release|ARM64
		{3ECABA52-A627-49F5-8CE6-2F19B6969760}.Release|ARM64.Build.0 = Release|ARM64
		{3ECABA52-A627-49F5-8CE6-2F19B6969760}.Release|x64.ActiveCfg = Release|Any CPU
		{3ECABA52-A627-49F5-8CE6-2F19B6969760}.Release|x64.Build.0 = Release|Any CPU
		{AF71627F-C1D9-41C1-878F-7BBD47525A67}.Debug|Any CPU.ActiveCfg = Debug|Any CPU
		{AF71627F-C1D9-41C1-878F-7BBD47525A67}.Debug|Any CPU.Build.0 = Debug|Any CPU
		{AF71627F-C1D9-41C1-878F-7BBD47525A67}.Debug|ARM64.ActiveCfg = Debug|ARM64
		{AF71627F-C1D9-41C1-878F-7BBD47525A67}.Debug|ARM64.Build.0 = Debug|ARM64
		{AF71627F-C1D9-41C1-878F-7BBD47525A67}.Debug|x64.ActiveCfg = Debug|x64
		{AF71627F-C1D9-41C1-878F-7BBD47525A67}.Debug|x64.Build.0 = Debug|x64
		{AF71627F-C1D9-41C1-878F-7BBD47525A67}.Release|Any CPU.ActiveCfg = Release|Any CPU
		{AF71627F-C1D9-41C1-878F-7BBD47525A67}.Release|Any CPU.Build.0 = Release|Any CPU
		{AF71627F-C1D9-41C1-878F-7BBD47525A67}.Release|ARM64.ActiveCfg = Release|ARM64
		{AF71627F-C1D9-41C1-878F-7BBD47525A67}.Release|ARM64.Build.0 = Release|ARM64
		{AF71627F-C1D9-41C1-878F-7BBD47525A67}.Release|x64.ActiveCfg = Release|Any CPU
		{AF71627F-C1D9-41C1-878F-7BBD47525A67}.Release|x64.Build.0 = Release|Any CPU
		{4A2918CA-FA63-45B3-9B61-71019D2EB52E}.Debug|Any CPU.ActiveCfg = Debug|Any CPU
		{4A2918CA-FA63-45B3-9B61-71019D2EB52E}.Debug|Any CPU.Build.0 = Debug|Any CPU
		{4A2918CA-FA63-45B3-9B61-71019D2EB52E}.Debug|ARM64.ActiveCfg = Debug|ARM64
		{4A2918CA-FA63-45B3-9B61-71019D2EB52E}.Debug|ARM64.Build.0 = Debug|ARM64
		{4A2918CA-FA63-45B3-9B61-71019D2EB52E}.Debug|x64.ActiveCfg = Debug|Any CPU
		{4A2918CA-FA63-45B3-9B61-71019D2EB52E}.Debug|x64.Build.0 = Debug|Any CPU
		{4A2918CA-FA63-45B3-9B61-71019D2EB52E}.Release|Any CPU.ActiveCfg = Release|Any CPU
		{4A2918CA-FA63-45B3-9B61-71019D2EB52E}.Release|Any CPU.Build.0 = Release|Any CPU
		{4A2918CA-FA63-45B3-9B61-71019D2EB52E}.Release|ARM64.ActiveCfg = Release|ARM64
		{4A2918CA-FA63-45B3-9B61-71019D2EB52E}.Release|ARM64.Build.0 = Release|ARM64
		{4A2918CA-FA63-45B3-9B61-71019D2EB52E}.Release|x64.ActiveCfg = Release|Any CPU
		{4A2918CA-FA63-45B3-9B61-71019D2EB52E}.Release|x64.Build.0 = Release|Any CPU
		{BEB2DC3C-433E-48C4-9319-A88A56DC6448}.Debug|Any CPU.ActiveCfg = Debug|Any CPU
		{BEB2DC3C-433E-48C4-9319-A88A56DC6448}.Debug|Any CPU.Build.0 = Debug|Any CPU
		{BEB2DC3C-433E-48C4-9319-A88A56DC6448}.Debug|ARM64.ActiveCfg = Debug|Any CPU
		{BEB2DC3C-433E-48C4-9319-A88A56DC6448}.Debug|ARM64.Build.0 = Debug|Any CPU
		{BEB2DC3C-433E-48C4-9319-A88A56DC6448}.Debug|x64.ActiveCfg = Debug|Any CPU
		{BEB2DC3C-433E-48C4-9319-A88A56DC6448}.Debug|x64.Build.0 = Debug|Any CPU
		{BEB2DC3C-433E-48C4-9319-A88A56DC6448}.Release|Any CPU.ActiveCfg = Release|Any CPU
		{BEB2DC3C-433E-48C4-9319-A88A56DC6448}.Release|Any CPU.Build.0 = Release|Any CPU
		{BEB2DC3C-433E-48C4-9319-A88A56DC6448}.Release|ARM64.ActiveCfg = Release|Any CPU
		{BEB2DC3C-433E-48C4-9319-A88A56DC6448}.Release|ARM64.Build.0 = Release|Any CPU
		{BEB2DC3C-433E-48C4-9319-A88A56DC6448}.Release|x64.ActiveCfg = Release|Any CPU
		{BEB2DC3C-433E-48C4-9319-A88A56DC6448}.Release|x64.Build.0 = Release|Any CPU
		{768D834E-1E9F-4B1A-BE27-C55CF86A150E}.Debug|Any CPU.ActiveCfg = Debug|Any CPU
		{768D834E-1E9F-4B1A-BE27-C55CF86A150E}.Debug|Any CPU.Build.0 = Debug|Any CPU
		{768D834E-1E9F-4B1A-BE27-C55CF86A150E}.Debug|ARM64.ActiveCfg = Debug|Any CPU
		{768D834E-1E9F-4B1A-BE27-C55CF86A150E}.Debug|ARM64.Build.0 = Debug|Any CPU
		{768D834E-1E9F-4B1A-BE27-C55CF86A150E}.Debug|x64.ActiveCfg = Debug|Any CPU
		{768D834E-1E9F-4B1A-BE27-C55CF86A150E}.Debug|x64.Build.0 = Debug|Any CPU
		{768D834E-1E9F-4B1A-BE27-C55CF86A150E}.Release|Any CPU.ActiveCfg = Release|Any CPU
		{768D834E-1E9F-4B1A-BE27-C55CF86A150E}.Release|Any CPU.Build.0 = Release|Any CPU
		{768D834E-1E9F-4B1A-BE27-C55CF86A150E}.Release|ARM64.ActiveCfg = Release|Any CPU
		{768D834E-1E9F-4B1A-BE27-C55CF86A150E}.Release|ARM64.Build.0 = Release|Any CPU
		{768D834E-1E9F-4B1A-BE27-C55CF86A150E}.Release|x64.ActiveCfg = Release|Any CPU
		{768D834E-1E9F-4B1A-BE27-C55CF86A150E}.Release|x64.Build.0 = Release|Any CPU
		{D7A04093-9408-458B-A3CF-205E1EA73AA3}.Debug|Any CPU.ActiveCfg = Debug|Any CPU
		{D7A04093-9408-458B-A3CF-205E1EA73AA3}.Debug|Any CPU.Build.0 = Debug|Any CPU
		{D7A04093-9408-458B-A3CF-205E1EA73AA3}.Debug|ARM64.ActiveCfg = Debug|Any CPU
		{D7A04093-9408-458B-A3CF-205E1EA73AA3}.Debug|ARM64.Build.0 = Debug|Any CPU
		{D7A04093-9408-458B-A3CF-205E1EA73AA3}.Debug|x64.ActiveCfg = Debug|Any CPU
		{D7A04093-9408-458B-A3CF-205E1EA73AA3}.Debug|x64.Build.0 = Debug|Any CPU
		{D7A04093-9408-458B-A3CF-205E1EA73AA3}.Release|Any CPU.ActiveCfg = Release|Any CPU
		{D7A04093-9408-458B-A3CF-205E1EA73AA3}.Release|Any CPU.Build.0 = Release|Any CPU
		{D7A04093-9408-458B-A3CF-205E1EA73AA3}.Release|ARM64.ActiveCfg = Release|Any CPU
		{D7A04093-9408-458B-A3CF-205E1EA73AA3}.Release|ARM64.Build.0 = Release|Any CPU
		{D7A04093-9408-458B-A3CF-205E1EA73AA3}.Release|x64.ActiveCfg = Release|Any CPU
		{D7A04093-9408-458B-A3CF-205E1EA73AA3}.Release|x64.Build.0 = Release|Any CPU
		{C8748315-6CCD-499D-AF73-B3FA9811A766}.Debug|Any CPU.ActiveCfg = Debug|Any CPU
		{C8748315-6CCD-499D-AF73-B3FA9811A766}.Debug|Any CPU.Build.0 = Debug|Any CPU
		{C8748315-6CCD-499D-AF73-B3FA9811A766}.Debug|ARM64.ActiveCfg = Debug|ARM64
		{C8748315-6CCD-499D-AF73-B3FA9811A766}.Debug|ARM64.Build.0 = Debug|ARM64
		{C8748315-6CCD-499D-AF73-B3FA9811A766}.Debug|x64.ActiveCfg = Debug|x64
		{C8748315-6CCD-499D-AF73-B3FA9811A766}.Debug|x64.Build.0 = Debug|x64
		{C8748315-6CCD-499D-AF73-B3FA9811A766}.Release|Any CPU.ActiveCfg = Release|Any CPU
		{C8748315-6CCD-499D-AF73-B3FA9811A766}.Release|Any CPU.Build.0 = Release|Any CPU
		{C8748315-6CCD-499D-AF73-B3FA9811A766}.Release|ARM64.ActiveCfg = Release|ARM64
		{C8748315-6CCD-499D-AF73-B3FA9811A766}.Release|ARM64.Build.0 = Release|ARM64
		{C8748315-6CCD-499D-AF73-B3FA9811A766}.Release|x64.ActiveCfg = Release|x64
		{C8748315-6CCD-499D-AF73-B3FA9811A766}.Release|x64.Build.0 = Release|x64
	EndGlobalSection
	GlobalSection(SolutionProperties) = preSolution
		HideSolutionNode = FALSE
	EndGlobalSection
	GlobalSection(NestedProjects) = preSolution
		{01F2C05F-DECF-46FD-86BD-99036902FB69} = {F94AF03E-9F97-454E-8F34-6CEDFD3C1B46}
		{E3C2EF32-7B02-475F-A9B0-3DCAEDB0E399} = {F94AF03E-9F97-454E-8F34-6CEDFD3C1B46}
		{74226B26-7FC1-404C-A70E-F269B4458C2C} = {45E51FBF-CF75-4A5D-87D4-6171F172F55D}
		{8FE4DDF1-160B-4AA8-9214-582A65B63D8F} = {45E51FBF-CF75-4A5D-87D4-6171F172F55D}
		{3B4FEB68-91B5-435E-83D9-E473622687DD} = {F94AF03E-9F97-454E-8F34-6CEDFD3C1B46}
		{2B3AC302-C78E-4357-AF9B-8585F4EC69CA} = {F94AF03E-9F97-454E-8F34-6CEDFD3C1B46}
		{3ECABA52-A627-49F5-8CE6-2F19B6969760} = {F94AF03E-9F97-454E-8F34-6CEDFD3C1B46}
		{AF71627F-C1D9-41C1-878F-7BBD47525A67} = {F94AF03E-9F97-454E-8F34-6CEDFD3C1B46}
		{4A2918CA-FA63-45B3-9B61-71019D2EB52E} = {32C6521E-BA4E-4510-87BC-348B99D4E5BC}
		{BEB2DC3C-433E-48C4-9319-A88A56DC6448} = {F94AF03E-9F97-454E-8F34-6CEDFD3C1B46}
		{768D834E-1E9F-4B1A-BE27-C55CF86A150E} = {F94AF03E-9F97-454E-8F34-6CEDFD3C1B46}
		{D7A04093-9408-458B-A3CF-205E1EA73AA3} = {663984EE-99BD-4363-BB2A-74174EAC8C71}
		{C8748315-6CCD-499D-AF73-B3FA9811A766} = {F94AF03E-9F97-454E-8F34-6CEDFD3C1B46}
	EndGlobalSection
	GlobalSection(ExtensibilityGlobals) = postSolution
		SolutionGuid = {9C9DBF1D-0911-4001-987F-F3B2D6CECFD7}
	EndGlobalSection
EndGlobal
